// !$*UTF8*$!
{
	archiveVersion = 1;
	classes = {
	};
	objectVersion = 50;
	objects = {

/* Begin PBXBuildFile section */
		1866B369278ECB7A00C1002C /* MainScene.scn in Resources */ = {isa = PBXBuildFile; fileRef = 1866B368278ECB7A00C1002C /* MainScene.scn */; };
		18DA75DF278F889D00A469B6 /* wuerfel-color.png in Resources */ = {isa = PBXBuildFile; fileRef = 18DA75DD278F889D00A469B6 /* wuerfel-color.png */; };
		18DA75E0278F889D00A469B6 /* wuerfel-normal.png in Resources */ = {isa = PBXBuildFile; fileRef = 18DA75DE278F889D00A469B6 /* wuerfel-normal.png */; };
		CCAB697B278CF16500396D8A /* MrDiceyApp.swift in Sources */ = {isa = PBXBuildFile; fileRef = CCAB697A278CF16500396D8A /* MrDiceyApp.swift */; };
		CCAB697D278CF16500396D8A /* ContentView.swift in Sources */ = {isa = PBXBuildFile; fileRef = CCAB697C278CF16500396D8A /* ContentView.swift */; };
		CCAB697F278CF16600396D8A /* Assets.xcassets in Resources */ = {isa = PBXBuildFile; fileRef = CCAB697E278CF16600396D8A /* Assets.xcassets */; };
		CCAB6982278CF16600396D8A /* Preview Assets.xcassets in Resources */ = {isa = PBXBuildFile; fileRef = CCAB6981278CF16600396D8A /* Preview Assets.xcassets */; };
		CCAB698D278CF16600396D8A /* MrDiceyTests.swift in Sources */ = {isa = PBXBuildFile; fileRef = CCAB698C278CF16600396D8A /* MrDiceyTests.swift */; };
		CCAB6998278CF16600396D8A /* MrDiceyUITests.swift in Sources */ = {isa = PBXBuildFile; fileRef = CCAB6997278CF16600396D8A /* MrDiceyUITests.swift */; };
/* End PBXBuildFile section */

/* Begin PBXContainerItemProxy section */
		CCAB6989278CF16600396D8A /* PBXContainerItemProxy */ = {
			isa = PBXContainerItemProxy;
			containerPortal = CCAB696F278CF16500396D8A /* Project object */;
			proxyType = 1;
			remoteGlobalIDString = CCAB6976278CF16500396D8A;
			remoteInfo = MrDicey;
		};
		CCAB6994278CF16600396D8A /* PBXContainerItemProxy */ = {
			isa = PBXContainerItemProxy;
			containerPortal = CCAB696F278CF16500396D8A /* Project object */;
			proxyType = 1;
			remoteGlobalIDString = CCAB6976278CF16500396D8A;
			remoteInfo = MrDicey;
		};
/* End PBXContainerItemProxy section */

/* Begin PBXFileReference section */
		1866B368278ECB7A00C1002C /* MainScene.scn */ = {isa = PBXFileReference; lastKnownFileType = file.bplist; path = MainScene.scn; sourceTree = "<group>"; };
		18DA75DD278F889D00A469B6 /* wuerfel-color.png */ = {isa = PBXFileReference; lastKnownFileType = image.png; name = "wuerfel-color.png"; path = "../MrDicey resources/Dice v2/red-dice/textures/wuerfel-color.png"; sourceTree = "<group>"; };
		18DA75DE278F889D00A469B6 /* wuerfel-normal.png */ = {isa = PBXFileReference; lastKnownFileType = image.png; name = "wuerfel-normal.png"; path = "../MrDicey resources/Dice v2/red-dice/textures/wuerfel-normal.png"; sourceTree = "<group>"; };
		CCAB6977278CF16500396D8A /* MrDicey.app */ = {isa = PBXFileReference; explicitFileType = wrapper.application; includeInIndex = 0; path = MrDicey.app; sourceTree = BUILT_PRODUCTS_DIR; };
		CCAB697A278CF16500396D8A /* MrDiceyApp.swift */ = {isa = PBXFileReference; lastKnownFileType = sourcecode.swift; path = MrDiceyApp.swift; sourceTree = "<group>"; };
		CCAB697C278CF16500396D8A /* ContentView.swift */ = {isa = PBXFileReference; lastKnownFileType = sourcecode.swift; path = ContentView.swift; sourceTree = "<group>"; };
		CCAB697E278CF16600396D8A /* Assets.xcassets */ = {isa = PBXFileReference; lastKnownFileType = folder.assetcatalog; path = Assets.xcassets; sourceTree = "<group>"; };
		CCAB6981278CF16600396D8A /* Preview Assets.xcassets */ = {isa = PBXFileReference; lastKnownFileType = folder.assetcatalog; path = "Preview Assets.xcassets"; sourceTree = "<group>"; };
		CCAB6983278CF16600396D8A /* Info.plist */ = {isa = PBXFileReference; lastKnownFileType = text.plist.xml; path = Info.plist; sourceTree = "<group>"; };
		CCAB6988278CF16600396D8A /* MrDiceyTests.xctest */ = {isa = PBXFileReference; explicitFileType = wrapper.cfbundle; includeInIndex = 0; path = MrDiceyTests.xctest; sourceTree = BUILT_PRODUCTS_DIR; };
		CCAB698C278CF16600396D8A /* MrDiceyTests.swift */ = {isa = PBXFileReference; lastKnownFileType = sourcecode.swift; path = MrDiceyTests.swift; sourceTree = "<group>"; };
		CCAB698E278CF16600396D8A /* Info.plist */ = {isa = PBXFileReference; lastKnownFileType = text.plist.xml; path = Info.plist; sourceTree = "<group>"; };
		CCAB6993278CF16600396D8A /* MrDiceyUITests.xctest */ = {isa = PBXFileReference; explicitFileType = wrapper.cfbundle; includeInIndex = 0; path = MrDiceyUITests.xctest; sourceTree = BUILT_PRODUCTS_DIR; };
		CCAB6997278CF16600396D8A /* MrDiceyUITests.swift */ = {isa = PBXFileReference; lastKnownFileType = sourcecode.swift; path = MrDiceyUITests.swift; sourceTree = "<group>"; };
		CCAB6999278CF16600396D8A /* Info.plist */ = {isa = PBXFileReference; lastKnownFileType = text.plist.xml; path = Info.plist; sourceTree = "<group>"; };
/* End PBXFileReference section */

/* Begin PBXFrameworksBuildPhase section */
		CCAB6974278CF16500396D8A /* Frameworks */ = {
			isa = PBXFrameworksBuildPhase;
			buildActionMask = 2147483647;
			files = (
			);
			runOnlyForDeploymentPostprocessing = 0;
		};
		CCAB6985278CF16600396D8A /* Frameworks */ = {
			isa = PBXFrameworksBuildPhase;
			buildActionMask = 2147483647;
			files = (
			);
			runOnlyForDeploymentPostprocessing = 0;
		};
		CCAB6990278CF16600396D8A /* Frameworks */ = {
			isa = PBXFrameworksBuildPhase;
			buildActionMask = 2147483647;
			files = (
			);
			runOnlyForDeploymentPostprocessing = 0;
		};
/* End PBXFrameworksBuildPhase section */

/* Begin PBXGroup section */
		CCAB696E278CF16500396D8A = {
			isa = PBXGroup;
			children = (
				18DA75DD278F889D00A469B6 /* wuerfel-color.png */,
				18DA75DE278F889D00A469B6 /* wuerfel-normal.png */,
				CCAB6979278CF16500396D8A /* MrDicey */,
				CCAB698B278CF16600396D8A /* MrDiceyTests */,
				CCAB6996278CF16600396D8A /* MrDiceyUITests */,
				CCAB6978278CF16500396D8A /* Products */,
			);
			sourceTree = "<group>";
		};
		CCAB6978278CF16500396D8A /* Products */ = {
			isa = PBXGroup;
			children = (
				CCAB6977278CF16500396D8A /* MrDicey.app */,
				CCAB6988278CF16600396D8A /* MrDiceyTests.xctest */,
				CCAB6993278CF16600396D8A /* MrDiceyUITests.xctest */,
			);
			name = Products;
			sourceTree = "<group>";
		};
		CCAB6979278CF16500396D8A /* MrDicey */ = {
			isa = PBXGroup;
			children = (
				1866B368278ECB7A00C1002C /* MainScene.scn */,
				CCAB697A278CF16500396D8A /* MrDiceyApp.swift */,
				CCAB697C278CF16500396D8A /* ContentView.swift */,
				CCAB697E278CF16600396D8A /* Assets.xcassets */,
				CCAB6983278CF16600396D8A /* Info.plist */,
				CCAB6980278CF16600396D8A /* Preview Content */,
			);
			path = MrDicey;
			sourceTree = "<group>";
		};
		CCAB6980278CF16600396D8A /* Preview Content */ = {
			isa = PBXGroup;
			children = (
				CCAB6981278CF16600396D8A /* Preview Assets.xcassets */,
			);
			path = "Preview Content";
			sourceTree = "<group>";
		};
		CCAB698B278CF16600396D8A /* MrDiceyTests */ = {
			isa = PBXGroup;
			children = (
				CCAB698C278CF16600396D8A /* MrDiceyTests.swift */,
				CCAB698E278CF16600396D8A /* Info.plist */,
			);
			path = MrDiceyTests;
			sourceTree = "<group>";
		};
		CCAB6996278CF16600396D8A /* MrDiceyUITests */ = {
			isa = PBXGroup;
			children = (
				CCAB6997278CF16600396D8A /* MrDiceyUITests.swift */,
				CCAB6999278CF16600396D8A /* Info.plist */,
			);
			path = MrDiceyUITests;
			sourceTree = "<group>";
		};
/* End PBXGroup section */

/* Begin PBXNativeTarget section */
		CCAB6976278CF16500396D8A /* MrDicey */ = {
			isa = PBXNativeTarget;
			buildConfigurationList = CCAB699C278CF16600396D8A /* Build configuration list for PBXNativeTarget "MrDicey" */;
			buildPhases = (
				CCAB6973278CF16500396D8A /* Sources */,
				CCAB6974278CF16500396D8A /* Frameworks */,
				CCAB6975278CF16500396D8A /* Resources */,
			);
			buildRules = (
			);
			dependencies = (
			);
			name = MrDicey;
			productName = MrDicey;
			productReference = CCAB6977278CF16500396D8A /* MrDicey.app */;
			productType = "com.apple.product-type.application";
		};
		CCAB6987278CF16600396D8A /* MrDiceyTests */ = {
			isa = PBXNativeTarget;
			buildConfigurationList = CCAB699F278CF16600396D8A /* Build configuration list for PBXNativeTarget "MrDiceyTests" */;
			buildPhases = (
				CCAB6984278CF16600396D8A /* Sources */,
				CCAB6985278CF16600396D8A /* Frameworks */,
				CCAB6986278CF16600396D8A /* Resources */,
			);
			buildRules = (
			);
			dependencies = (
				CCAB698A278CF16600396D8A /* PBXTargetDependency */,
			);
			name = MrDiceyTests;
			productName = MrDiceyTests;
			productReference = CCAB6988278CF16600396D8A /* MrDiceyTests.xctest */;
			productType = "com.apple.product-type.bundle.unit-test";
		};
		CCAB6992278CF16600396D8A /* MrDiceyUITests */ = {
			isa = PBXNativeTarget;
			buildConfigurationList = CCAB69A2278CF16600396D8A /* Build configuration list for PBXNativeTarget "MrDiceyUITests" */;
			buildPhases = (
				CCAB698F278CF16600396D8A /* Sources */,
				CCAB6990278CF16600396D8A /* Frameworks */,
				CCAB6991278CF16600396D8A /* Resources */,
			);
			buildRules = (
			);
			dependencies = (
				CCAB6995278CF16600396D8A /* PBXTargetDependency */,
			);
			name = MrDiceyUITests;
			productName = MrDiceyUITests;
			productReference = CCAB6993278CF16600396D8A /* MrDiceyUITests.xctest */;
			productType = "com.apple.product-type.bundle.ui-testing";
		};
/* End PBXNativeTarget section */

/* Begin PBXProject section */
		CCAB696F278CF16500396D8A /* Project object */ = {
			isa = PBXProject;
			attributes = {
				LastSwiftUpdateCheck = 1250;
				LastUpgradeCheck = 1250;
				TargetAttributes = {
					CCAB6976278CF16500396D8A = {
						CreatedOnToolsVersion = 12.5.1;
					};
					CCAB6987278CF16600396D8A = {
						CreatedOnToolsVersion = 12.5.1;
						TestTargetID = CCAB6976278CF16500396D8A;
					};
					CCAB6992278CF16600396D8A = {
						CreatedOnToolsVersion = 12.5.1;
						TestTargetID = CCAB6976278CF16500396D8A;
					};
				};
			};
			buildConfigurationList = CCAB6972278CF16500396D8A /* Build configuration list for PBXProject "MrDicey" */;
			compatibilityVersion = "Xcode 9.3";
			developmentRegion = en;
			hasScannedForEncodings = 0;
			knownRegions = (
				en,
				Base,
			);
			mainGroup = CCAB696E278CF16500396D8A;
			productRefGroup = CCAB6978278CF16500396D8A /* Products */;
			projectDirPath = "";
			projectRoot = "";
			targets = (
				CCAB6976278CF16500396D8A /* MrDicey */,
				CCAB6987278CF16600396D8A /* MrDiceyTests */,
				CCAB6992278CF16600396D8A /* MrDiceyUITests */,
			);
		};
/* End PBXProject section */

/* Begin PBXResourcesBuildPhase section */
		CCAB6975278CF16500396D8A /* Resources */ = {
			isa = PBXResourcesBuildPhase;
			buildActionMask = 2147483647;
			files = (
				18DA75DF278F889D00A469B6 /* wuerfel-color.png in Resources */,
				18DA75E0278F889D00A469B6 /* wuerfel-normal.png in Resources */,
				1866B369278ECB7A00C1002C /* MainScene.scn in Resources */,
				CCAB6982278CF16600396D8A /* Preview Assets.xcassets in Resources */,
				CCAB697F278CF16600396D8A /* Assets.xcassets in Resources */,
			);
			runOnlyForDeploymentPostprocessing = 0;
		};
		CCAB6986278CF16600396D8A /* Resources */ = {
			isa = PBXResourcesBuildPhase;
			buildActionMask = 2147483647;
			files = (
			);
			runOnlyForDeploymentPostprocessing = 0;
		};
		CCAB6991278CF16600396D8A /* Resources */ = {
			isa = PBXResourcesBuildPhase;
			buildActionMask = 2147483647;
			files = (
			);
			runOnlyForDeploymentPostprocessing = 0;
		};
/* End PBXResourcesBuildPhase section */

/* Begin PBXSourcesBuildPhase section */
		CCAB6973278CF16500396D8A /* Sources */ = {
			isa = PBXSourcesBuildPhase;
			buildActionMask = 2147483647;
			files = (
				CCAB697D278CF16500396D8A /* ContentView.swift in Sources */,
				CCAB697B278CF16500396D8A /* MrDiceyApp.swift in Sources */,
			);
			runOnlyForDeploymentPostprocessing = 0;
		};
		CCAB6984278CF16600396D8A /* Sources */ = {
			isa = PBXSourcesBuildPhase;
			buildActionMask = 2147483647;
			files = (
				CCAB698D278CF16600396D8A /* MrDiceyTests.swift in Sources */,
			);
			runOnlyForDeploymentPostprocessing = 0;
		};
		CCAB698F278CF16600396D8A /* Sources */ = {
			isa = PBXSourcesBuildPhase;
			buildActionMask = 2147483647;
			files = (
				CCAB6998278CF16600396D8A /* MrDiceyUITests.swift in Sources */,
			);
			runOnlyForDeploymentPostprocessing = 0;
		};
/* End PBXSourcesBuildPhase section */

/* Begin PBXTargetDependency section */
		CCAB698A278CF16600396D8A /* PBXTargetDependency */ = {
			isa = PBXTargetDependency;
			target = CCAB6976278CF16500396D8A /* MrDicey */;
			targetProxy = CCAB6989278CF16600396D8A /* PBXContainerItemProxy */;
		};
		CCAB6995278CF16600396D8A /* PBXTargetDependency */ = {
			isa = PBXTargetDependency;
			target = CCAB6976278CF16500396D8A /* MrDicey */;
			targetProxy = CCAB6994278CF16600396D8A /* PBXContainerItemProxy */;
		};
/* End PBXTargetDependency section */

/* Begin XCBuildConfiguration section */
		CCAB699A278CF16600396D8A /* Debug */ = {
			isa = XCBuildConfiguration;
			buildSettings = {
				ALWAYS_SEARCH_USER_PATHS = NO;
				CLANG_ANALYZER_NONNULL = YES;
				CLANG_ANALYZER_NUMBER_OBJECT_CONVERSION = YES_AGGRESSIVE;
				CLANG_CXX_LANGUAGE_STANDARD = "gnu++14";
				CLANG_CXX_LIBRARY = "libc++";
				CLANG_ENABLE_MODULES = YES;
				CLANG_ENABLE_OBJC_ARC = YES;
				CLANG_ENABLE_OBJC_WEAK = YES;
				CLANG_WARN_BLOCK_CAPTURE_AUTORELEASING = YES;
				CLANG_WARN_BOOL_CONVERSION = YES;
				CLANG_WARN_COMMA = YES;
				CLANG_WARN_CONSTANT_CONVERSION = YES;
				CLANG_WARN_DEPRECATED_OBJC_IMPLEMENTATIONS = YES;
				CLANG_WARN_DIRECT_OBJC_ISA_USAGE = YES_ERROR;
				CLANG_WARN_DOCUMENTATION_COMMENTS = YES;
				CLANG_WARN_EMPTY_BODY = YES;
				CLANG_WARN_ENUM_CONVERSION = YES;
				CLANG_WARN_INFINITE_RECURSION = YES;
				CLANG_WARN_INT_CONVERSION = YES;
				CLANG_WARN_NON_LITERAL_NULL_CONVERSION = YES;
				CLANG_WARN_OBJC_IMPLICIT_RETAIN_SELF = YES;
				CLANG_WARN_OBJC_LITERAL_CONVERSION = YES;
				CLANG_WARN_OBJC_ROOT_CLASS = YES_ERROR;
				CLANG_WARN_QUOTED_INCLUDE_IN_FRAMEWORK_HEADER = YES;
				CLANG_WARN_RANGE_LOOP_ANALYSIS = YES;
				CLANG_WARN_STRICT_PROTOTYPES = YES;
				CLANG_WARN_SUSPICIOUS_MOVE = YES;
				CLANG_WARN_UNGUARDED_AVAILABILITY = YES_AGGRESSIVE;
				CLANG_WARN_UNREACHABLE_CODE = YES;
				CLANG_WARN__DUPLICATE_METHOD_MATCH = YES;
				COPY_PHASE_STRIP = NO;
				DEBUG_INFORMATION_FORMAT = dwarf;
				ENABLE_STRICT_OBJC_MSGSEND = YES;
				ENABLE_TESTABILITY = YES;
				GCC_C_LANGUAGE_STANDARD = gnu11;
				GCC_DYNAMIC_NO_PIC = NO;
				GCC_NO_COMMON_BLOCKS = YES;
				GCC_OPTIMIZATION_LEVEL = 0;
				GCC_PREPROCESSOR_DEFINITIONS = (
					"DEBUG=1",
					"$(inherited)",
				);
				GCC_WARN_64_TO_32_BIT_CONVERSION = YES;
				GCC_WARN_ABOUT_RETURN_TYPE = YES_ERROR;
				GCC_WARN_UNDECLARED_SELECTOR = YES;
				GCC_WARN_UNINITIALIZED_AUTOS = YES_AGGRESSIVE;
				GCC_WARN_UNUSED_FUNCTION = YES;
				GCC_WARN_UNUSED_VARIABLE = YES;
				IPHONEOS_DEPLOYMENT_TARGET = 14.5;
				MTL_ENABLE_DEBUG_INFO = INCLUDE_SOURCE;
				MTL_FAST_MATH = YES;
				ONLY_ACTIVE_ARCH = YES;
				SDKROOT = iphoneos;
				SWIFT_ACTIVE_COMPILATION_CONDITIONS = DEBUG;
				SWIFT_OPTIMIZATION_LEVEL = "-Onone";
			};
			name = Debug;
		};
		CCAB699B278CF16600396D8A /* Release */ = {
			isa = XCBuildConfiguration;
			buildSettings = {
				ALWAYS_SEARCH_USER_PATHS = NO;
				CLANG_ANALYZER_NONNULL = YES;
				CLANG_ANALYZER_NUMBER_OBJECT_CONVERSION = YES_AGGRESSIVE;
				CLANG_CXX_LANGUAGE_STANDARD = "gnu++14";
				CLANG_CXX_LIBRARY = "libc++";
				CLANG_ENABLE_MODULES = YES;
				CLANG_ENABLE_OBJC_ARC = YES;
				CLANG_ENABLE_OBJC_WEAK = YES;
				CLANG_WARN_BLOCK_CAPTURE_AUTORELEASING = YES;
				CLANG_WARN_BOOL_CONVERSION = YES;
				CLANG_WARN_COMMA = YES;
				CLANG_WARN_CONSTANT_CONVERSION = YES;
				CLANG_WARN_DEPRECATED_OBJC_IMPLEMENTATIONS = YES;
				CLANG_WARN_DIRECT_OBJC_ISA_USAGE = YES_ERROR;
				CLANG_WARN_DOCUMENTATION_COMMENTS = YES;
				CLANG_WARN_EMPTY_BODY = YES;
				CLANG_WARN_ENUM_CONVERSION = YES;
				CLANG_WARN_INFINITE_RECURSION = YES;
				CLANG_WARN_INT_CONVERSION = YES;
				CLANG_WARN_NON_LITERAL_NULL_CONVERSION = YES;
				CLANG_WARN_OBJC_IMPLICIT_RETAIN_SELF = YES;
				CLANG_WARN_OBJC_LITERAL_CONVERSION = YES;
				CLANG_WARN_OBJC_ROOT_CLASS = YES_ERROR;
				CLANG_WARN_QUOTED_INCLUDE_IN_FRAMEWORK_HEADER = YES;
				CLANG_WARN_RANGE_LOOP_ANALYSIS = YES;
				CLANG_WARN_STRICT_PROTOTYPES = YES;
				CLANG_WARN_SUSPICIOUS_MOVE = YES;
				CLANG_WARN_UNGUARDED_AVAILABILITY = YES_AGGRESSIVE;
				CLANG_WARN_UNREACHABLE_CODE = YES;
				CLANG_WARN__DUPLICATE_METHOD_MATCH = YES;
				COPY_PHASE_STRIP = NO;
				DEBUG_INFORMATION_FORMAT = "dwarf-with-dsym";
				ENABLE_NS_ASSERTIONS = NO;
				ENABLE_STRICT_OBJC_MSGSEND = YES;
				GCC_C_LANGUAGE_STANDARD = gnu11;
				GCC_NO_COMMON_BLOCKS = YES;
				GCC_WARN_64_TO_32_BIT_CONVERSION = YES;
				GCC_WARN_ABOUT_RETURN_TYPE = YES_ERROR;
				GCC_WARN_UNDECLARED_SELECTOR = YES;
				GCC_WARN_UNINITIALIZED_AUTOS = YES_AGGRESSIVE;
				GCC_WARN_UNUSED_FUNCTION = YES;
				GCC_WARN_UNUSED_VARIABLE = YES;
				IPHONEOS_DEPLOYMENT_TARGET = 14.5;
				MTL_ENABLE_DEBUG_INFO = NO;
				MTL_FAST_MATH = YES;
				SDKROOT = iphoneos;
				SWIFT_COMPILATION_MODE = wholemodule;
				SWIFT_OPTIMIZATION_LEVEL = "-O";
				VALIDATE_PRODUCT = YES;
			};
			name = Release;
		};
		CCAB699D278CF16600396D8A /* Debug */ = {
			isa = XCBuildConfiguration;
			buildSettings = {
				ASSETCATALOG_COMPILER_APPICON_NAME = AppIcon;
				ASSETCATALOG_COMPILER_GLOBAL_ACCENT_COLOR_NAME = AccentColor;
				CODE_SIGN_STYLE = Automatic;
				DEVELOPMENT_ASSET_PATHS = "\"MrDicey/Preview Content\"";
				DEVELOPMENT_TEAM = 9BQ52L7JRH;
				ENABLE_PREVIEWS = YES;
				INFOPLIST_FILE = MrDicey/Info.plist;
				IPHONEOS_DEPLOYMENT_TARGET = 14.0;
				LD_RUNPATH_SEARCH_PATHS = (
					"$(inherited)",
					"@executable_path/Frameworks",
				);
				PRODUCT_BUNDLE_IDENTIFIER = craps.MrDicey;
				PRODUCT_NAME = "$(TARGET_NAME)";
				SWIFT_VERSION = 5.0;
				TARGETED_DEVICE_FAMILY = "1,2";
			};
			name = Debug;
		};
		CCAB699E278CF16600396D8A /* Release */ = {
			isa = XCBuildConfiguration;
			buildSettings = {
				ASSETCATALOG_COMPILER_APPICON_NAME = AppIcon;
				ASSETCATALOG_COMPILER_GLOBAL_ACCENT_COLOR_NAME = AccentColor;
				CODE_SIGN_STYLE = Automatic;
				DEVELOPMENT_ASSET_PATHS = "\"MrDicey/Preview Content\"";
				DEVELOPMENT_TEAM = 9BQ52L7JRH;
				ENABLE_PREVIEWS = YES;
				INFOPLIST_FILE = MrDicey/Info.plist;
				IPHONEOS_DEPLOYMENT_TARGET = 14.0;
				LD_RUNPATH_SEARCH_PATHS = (
					"$(inherited)",
					"@executable_path/Frameworks",
				);
				PRODUCT_BUNDLE_IDENTIFIER = craps.MrDicey;
				PRODUCT_NAME = "$(TARGET_NAME)";
				SWIFT_VERSION = 5.0;
				TARGETED_DEVICE_FAMILY = "1,2";
			};
			name = Release;
		};
		CCAB69A0278CF16600396D8A /* Debug */ = {
			isa = XCBuildConfiguration;
			buildSettings = {
				ALWAYS_EMBED_SWIFT_STANDARD_LIBRARIES = YES;
				BUNDLE_LOADER = "$(TEST_HOST)";
				CODE_SIGN_STYLE = Automatic;
				DEVELOPMENT_TEAM = 9BQ52L7JRH;
				INFOPLIST_FILE = MrDiceyTests/Info.plist;
				IPHONEOS_DEPLOYMENT_TARGET = 14.0;
				LD_RUNPATH_SEARCH_PATHS = (
					"$(inherited)",
					"@executable_path/Frameworks",
					"@loader_path/Frameworks",
				);
				PRODUCT_BUNDLE_IDENTIFIER = craps.MrDiceyTests;
				PRODUCT_NAME = "$(TARGET_NAME)";
				SWIFT_VERSION = 5.0;
				TARGETED_DEVICE_FAMILY = "1,2";
				TEST_HOST = "$(BUILT_PRODUCTS_DIR)/MrDicey.app/MrDicey";
			};
			name = Debug;
		};
		CCAB69A1278CF16600396D8A /* Release */ = {
			isa = XCBuildConfiguration;
			buildSettings = {
				ALWAYS_EMBED_SWIFT_STANDARD_LIBRARIES = YES;
				BUNDLE_LOADER = "$(TEST_HOST)";
				CODE_SIGN_STYLE = Automatic;
				DEVELOPMENT_TEAM = 9BQ52L7JRH;
				INFOPLIST_FILE = MrDiceyTests/Info.plist;
				IPHONEOS_DEPLOYMENT_TARGET = 14.0;
				LD_RUNPATH_SEARCH_PATHS = (
					"$(inherited)",
					"@executable_path/Frameworks",
					"@loader_path/Frameworks",
				);
				PRODUCT_BUNDLE_IDENTIFIER = craps.MrDiceyTests;
				PRODUCT_NAME = "$(TARGET_NAME)";
				SWIFT_VERSION = 5.0;
				TARGETED_DEVICE_FAMILY = "1,2";
				TEST_HOST = "$(BUILT_PRODUCTS_DIR)/MrDicey.app/MrDicey";
			};
			name = Release;
		};
		CCAB69A3278CF16600396D8A /* Debug */ = {
			isa = XCBuildConfiguration;
			buildSettings = {
				ALWAYS_EMBED_SWIFT_STANDARD_LIBRARIES = YES;
				CODE_SIGN_STYLE = Automatic;
				DEVELOPMENT_TEAM = 9BQ52L7JRH;
				INFOPLIST_FILE = MrDiceyUITests/Info.plist;
				LD_RUNPATH_SEARCH_PATHS = (
					"$(inherited)",
					"@executable_path/Frameworks",
					"@loader_path/Frameworks",
				);
				PRODUCT_BUNDLE_IDENTIFIER = craps.MrDiceyUITests;
				PRODUCT_NAME = "$(TARGET_NAME)";
				SWIFT_VERSION = 5.0;
				TARGETED_DEVICE_FAMILY = "1,2";
				TEST_TARGET_NAME = MrDicey;
			};
			name = Debug;
		};
		CCAB69A4278CF16600396D8A /* Release */ = {
			isa = XCBuildConfiguration;
			buildSettings = {
				ALWAYS_EMBED_SWIFT_STANDARD_LIBRARIES = YES;
				CODE_SIGN_STYLE = Automatic;
				DEVELOPMENT_TEAM = 9BQ52L7JRH;
				INFOPLIST_FILE = MrDiceyUITests/Info.plist;
				LD_RUNPATH_SEARCH_PATHS = (
					"$(inherited)",
					"@executable_path/Frameworks",
					"@loader_path/Frameworks",
				);
				PRODUCT_BUNDLE_IDENTIFIER = craps.MrDiceyUITests;
				PRODUCT_NAME = "$(TARGET_NAME)";
				SWIFT_VERSION = 5.0;
				TARGETED_DEVICE_FAMILY = "1,2";
				TEST_TARGET_NAME = MrDicey;
			};
			name = Release;
		};
/* End XCBuildConfiguration section */

/* Begin XCConfigurationList section */
		CCAB6972278CF16500396D8A /* Build configuration list for PBXProject "MrDicey" */ = {
			isa = XCConfigurationList;
			buildConfigurations = (
				CCAB699A278CF16600396D8A /* Debug */,
				CCAB699B278CF16600396D8A /* Release */,
			);
			defaultConfigurationIsVisible = 0;
			defaultConfigurationName = Release;
		};
		CCAB699C278CF16600396D8A /* Build configuration list for PBXNativeTarget "MrDicey" */ = {
			isa = XCConfigurationList;
			buildConfigurations = (
				CCAB699D278CF16600396D8A /* Debug */,
				CCAB699E278CF16600396D8A /* Release */,
			);
			defaultConfigurationIsVisible = 0;
			defaultConfigurationName = Release;
		};
		CCAB699F278CF16600396D8A /* Build configuration list for PBXNativeTarget "MrDiceyTests" */ = {
			isa = XCConfigurationList;
			buildConfigurations = (
				CCAB69A0278CF16600396D8A /* Debug */,
				CCAB69A1278CF16600396D8A /* Release */,
			);
			defaultConfigurationIsVisible = 0;
			defaultConfigurationName = Release;
		};
		CCAB69A2278CF16600396D8A /* Build configuration list for PBXNativeTarget "MrDiceyUITests" */ = {
			isa = XCConfigurationList;
			buildConfigurations = (
				CCAB69A3278CF16600396D8A /* Debug */,
				CCAB69A4278CF16600396D8A /* Release */,
			);
			defaultConfigurationIsVisible = 0;
			defaultConfigurationName = Release;
		};
/* End XCConfigurationList section */
	};
	rootObject = CCAB696F278CF16500396D8A /* Project object */;
}
